github.com/aquilax/go-perlin v0.0.0-20191229124216-0af9ce917c28 h1:iQUvYFmTKLXaDf3N0YfsJG5vgVtA1La82fHFDkpX5y4=
github.com/aquilax/go-perlin v0.0.0-20191229124216-0af9ce917c28/go.mod h1:z9Rl7EM4BZY0Ikp2fEN1I5mKSOJ26HQpk0O2TBdN2HE=
github.com/davecgh/go-spew v1.1.0/go.mod h1:J7Y8YcW2NihsgmVo/mv3lAwl/skON4iLHjSsI+c5H38=
github.com/eaciit/cast v0.0.0-20160225070732-c06c4b07187e h1:bFTb1fRZuPgFiJ/Mzy6SwOeGDIjsouhsZrSWTggeUFM=
github.com/eaciit/cast v0.0.0-20160225070732-c06c4b07187e/go.mod h1:Wo/iKTrHQIBcEWEhz8xSl5FVRATxHHXjFVcTdT9WeKk=
github.com/eaciit/crowd v0.0.0-20161012235904-b2a02ff757e8 h1:iVpUCq8FRFgSGUH11+VYYKKwa/U+kxsTNzwvoGzf94k=
github.com/eaciit/crowd v0.0.0-20161012235904-b2a02ff757e8/go.mod h1:MWoikoOogduTJgCfQZB0p6GLSvby/faz1mvYjRRmwWc=
github.com/eaciit/dbox v0.0.0-20180917055501-9a504bed8cc5 h1:mCvq5B2WPDI9uLykTsBzNOt/W8gWR91qMFGEUPMzMWo=
github.com/eaciit/dbox v0.0.0-20180917055501-9a504bed8cc5/go.mod h1:lML9nCahQ7b43kB7jIoV1pAx3BaRS4+SQPjRBPJ0HyM=
github.com/eaciit/errorlib v0.0.0-20150626203730-179dfd7a1051 h1:9oLBl7usQJ2vUae6r9ITzZbJl9dpY2cE8NR+yuLTyt0=
github.com/eaciit/errorlib v0.0.0-20150626203730-179dfd7a1051/go.mod h1:+bkYCLXyGfi7jdOWBwyGC5SRlxucOI0gk7ZQLLsFefs=
github.com/eaciit/toolkit v0.0.0-20201117014531-150670de5982 h1:sk4CMtZqQ1JsCZzhXgx5grSkf1SZ+MFcZK0lJebJ/rg=
github.com/eaciit/toolkit v0.0.0-20201117014531-150670de5982/go.mod h1:r4OKDNGrY6n6gCVqEFdld+JTfgdNgp78RPvZHr2B9jU=
github.com/pmezard/go-difflib v1.0.0/go.mod h1:iKH77koFhYxTK1pcRnkKkqfTogsbg7gZNVY4sRDYZ/4=
github.com/stretchr/objx v0.1.0/go.mod h1:HFkY916IF+rwdDfMAkV7OtwuqBVzrE8GR6GFx+wExME=
github.com/stretchr/testify v1.4.0/go.mod h1:j7eGeouHqKxXV5pUuKE4zz7dFj8WfuZ+81PSLYec5m4=
golang.org/x/crypto v0.0.0-20190308221718-c2843e01d9a2/go.mod h1:djNgcEr1/C05ACkg1iLfiJU5Ep61QUkGW8qpdssI0+w=
golang.org/x/net v0.0.0-20200114155413-6afb5195e5aa h1:F+8P+gmewFQYRk6JoLQLwjBCTu3mcIURZfNkVweuRKA=
golang.org/x/net v0.0.0-20200114155413-6afb5195e5aa/go.mod h1:z5CRVTTTmAJ677TzLLGU+0bjPO0LkuOLi4/5GtJWs/s=
golang.org/x/sys v0.0.0-20190215142949-d0b11bdaac8a/go.mod h1:STP8DvDyc/dI5b8T5hshtkjS+E42TnysNCUPdjciGhY=
golang.org/x/text v0.3.0/go.mod h1:NqM8EUOU14njkJ3fqMW+pc6Ldnwhi/IjpwHt7yyuwOQ=
gopkg.in/check.v1 v0.0.0-20161208181325-20d25e280405/go.mod h1:Co6ibVJAznAaIkqp8huTwlJQCZ016jof/cbN4VW5Yz0=
gopkg.in/mgo.v2 v2.0.0-20190816093944-a6b53ec6cb22 h1:VpOs+IwYnYBaFnrNAeB8UUWtL3vEUnzSCL1nVjPhqrw=
gopkg.in/mgo.v2 v2.0.0-20190816093944-a6b53ec6cb22/go.mod h1:yeKp02qBN3iKW1OzL3MGk2IdtZzaj7SFntXj72NppTA=
gopkg.in/yaml.v2 v2.2.2/go.mod h1:hI93XBmqTisBFMUTm0b8Fm+jr3Dg1NNxqwp+5A1VGuI=
labix.org/v2/mgo v0.0.0-20140701140051-000000000287 h1:L0cnkNl4TfAXzvdrqsYEmxOHOCv2p5I3taaReO8BWFs=
labix.org/v2/mgo v0.0.0-20140701140051-000000000287/go.mod h1:Lg7AYkt1uXJoR9oeSZ3W/8IXLdvOfIITgZnommstyz4=
